
Microsoft Visual Studio Solution File, Format Version 12.00
# Visual Studio Version 16
VisualStudioVersion = 16.0.30503.244
MinimumVisualStudioVersion = 10.0.40219.1
Project("{FAE04EC0-301F-11D3-BF4B-00C04F79EFBC}") = "Path", "Path\Path.csproj", "{6404A89B-AD91-4738-B6B8-058E45CAF308}"
EndProject
Global
	GlobalSection(SolutionConfigurationPlatforms) = preSolution
		Debug|Any CPU = Debug|Any CPU
		Release|Any CPU = Release|Any CPU
	EndGlobalSection
	GlobalSection(ProjectConfigurationPlatforms) = postSolution
		{6404A89B-AD91-4738-B6B8-058E45CAF308}.Debug|Any CPU.ActiveCfg = Debug|Any CPU
		{6404A89B-AD91-4738-B6B8-058E45CAF308}.Debug|Any CPU.Build.0 = Debug|Any CPU
		{6404A89B-AD91-4738-B6B8-058E45CAF308}.Release|Any CPU.ActiveCfg = Release|Any CPU
		{6404A89B-AD91-4738-B6B8-058E45CAF308}.Release|Any CPU.Build.0 = Release|Any CPU
	EndGlobalSection
	GlobalSection(SolutionProperties) = preSolution
		HideSolutionNode = FALSE
	EndGlobalSection
	GlobalSection(ExtensibilityGlobals) = postSolution
		SolutionGuid = {CBD0A4C2-6696-4E33-9BD6-4C98D71E3BEA}
	EndGlobalSection
EndGlobal
